
Microsoft Visual Studio Solution File, Format Version 12.00
# Visual Studio Version 16
VisualStudioVersion = 16.0.30907.101
MinimumVisualStudioVersion = 10.0.40219.1
Project("{FAE04EC0-301F-11D3-BF4B-00C04F79EFBC}") = "Errandscall", "Errandscall\Errandscall.csproj", "{5F8E6BB3-7F77-47B2-B4F4-A9ED649ED11A}"
EndProject
Project("{FAE04EC0-301F-11D3-BF4B-00C04F79EFBC}") = "ErrandscallDatabase", "ErrandscallDatabase\ErrandscallDatabase.csproj", "{66D24D92-29F3-410A-A94C-1FB33E1446F4}"
EndProject
Project("{FAE04EC0-301F-11D3-BF4B-00C04F79EFBC}") = "Website", "Website\Website.csproj", "{32165AE0-3B60-4291-819E-45E886E0A2D9}"
EndProject
Project("{FAE04EC0-301F-11D3-BF4B-00C04F79EFBC}") = "ErrandscallService", "ErrandscallService\ErrandscallService.csproj", "{8B4E7FD7-79CA-43F8-B177-02334099C567}"
EndProject
Global
	GlobalSection(SolutionConfigurationPlatforms) = preSolution
		Debug|Any CPU = Debug|Any CPU
		Release|Any CPU = Release|Any CPU
	EndGlobalSection
	GlobalSection(ProjectConfigurationPlatforms) = postSolution
		{5F8E6BB3-7F77-47B2-B4F4-A9ED649ED11A}.Debug|Any CPU.ActiveCfg = Debug|Any CPU
		{5F8E6BB3-7F77-47B2-B4F4-A9ED649ED11A}.Debug|Any CPU.Build.0 = Debug|Any CPU
		{5F8E6BB3-7F77-47B2-B4F4-A9ED649ED11A}.Release|Any CPU.ActiveCfg = Release|Any CPU
		{5F8E6BB3-7F77-47B2-B4F4-A9ED649ED11A}.Release|Any CPU.Build.0 = Release|Any CPU
		{66D24D92-29F3-410A-A94C-1FB33E1446F4}.Debug|Any CPU.ActiveCfg = Debug|Any CPU
		{66D24D92-29F3-410A-A94C-1FB33E1446F4}.Debug|Any CPU.Build.0 = Debug|Any CPU
		{66D24D92-29F3-410A-A94C-1FB33E1446F4}.Release|Any CPU.ActiveCfg = Release|Any CPU
		{66D24D92-29F3-410A-A94C-1FB33E1446F4}.Release|Any CPU.Build.0 = Release|Any CPU
		{32165AE0-3B60-4291-819E-45E886E0A2D9}.Debug|Any CPU.ActiveCfg = Debug|Any CPU
		{32165AE0-3B60-4291-819E-45E886E0A2D9}.Debug|Any CPU.Build.0 = Debug|Any CPU
		{32165AE0-3B60-4291-819E-45E886E0A2D9}.Release|Any CPU.ActiveCfg = Release|Any CPU
		{32165AE0-3B60-4291-819E-45E886E0A2D9}.Release|Any CPU.Build.0 = Release|Any CPU
		{8B4E7FD7-79CA-43F8-B177-02334099C567}.Debug|Any CPU.ActiveCfg = Debug|Any CPU
		{8B4E7FD7-79CA-43F8-B177-02334099C567}.Debug|Any CPU.Build.0 = Debug|Any CPU
		{8B4E7FD7-79CA-43F8-B177-02334099C567}.Release|Any CPU.ActiveCfg = Release|Any CPU
		{8B4E7FD7-79CA-43F8-B177-02334099C567}.Release|Any CPU.Build.0 = Release|Any CPU
	EndGlobalSection
	GlobalSection(SolutionProperties) = preSolution
		HideSolutionNode = FALSE
	EndGlobalSection
	GlobalSection(ExtensibilityGlobals) = postSolution
		SolutionGuid = {A5A3A43D-E773-4BAC-855E-BAD803FFBA48}
	EndGlobalSection
EndGlobal
